Microsoft Visual Studio Solution File, Format Version 12.00
# Visual Studio 14
Project("{8BC9CEB8-8B4A-11D0-8D11-00A0C91BC942}") = "ALL_BUILD", "ALL_BUILD.vcxproj", "{70F0A530-CF5F-3E9D-9E05-F8150A3AA6BC}"
	ProjectSection(ProjectDependencies) = postProject
		{DA9D7983-6798-3805-A757-E0166408D0EF} = {DA9D7983-6798-3805-A757-E0166408D0EF}
		{DE911E00-1512-3376-8C5F-8A11CE022970} = {DE911E00-1512-3376-8C5F-8A11CE022970}
		{17085E85-BB7D-332E-82DC-E5EFFC6AE352} = {17085E85-BB7D-332E-82DC-E5EFFC6AE352}
		{4CAB6D9B-351C-38AD-8AF2-2C0B0FFFE1A9} = {4CAB6D9B-351C-38AD-8AF2-2C0B0FFFE1A9}
		{641FC6A8-FDB4-30BA-BFC6-4208D80FE9FA} = {641FC6A8-FDB4-30BA-BFC6-4208D80FE9FA}
		{595A86BB-4B6D-3058-9988-C39073EBCC71} = {595A86BB-4B6D-3058-9988-C39073EBCC71}
		{37A904C2-09D4-3240-89FC-9A7CA47F56E4} = {37A904C2-09D4-3240-89FC-9A7CA47F56E4}
		{50C3E639-3B84-32DF-8130-BECBAD90749F} = {50C3E639-3B84-32DF-8130-BECBAD90749F}
		{BD7435EE-036D-33B5-AFD3-AC63B672DCE2} = {BD7435EE-036D-33B5-AFD3-AC63B672DCE2}
		{5089EBC8-914E-32A5-8E68-103C9A5A61D7} = {5089EBC8-914E-32A5-8E68-103C9A5A61D7}
		{6C09178C-2DE3-3529-BB6F-790DBF8EE09F} = {6C09178C-2DE3-3529-BB6F-790DBF8EE09F}
		{B8D8EF71-F1C9-35E4-9C6D-6F24610B26D7} = {B8D8EF71-F1C9-35E4-9C6D-6F24610B26D7}
		{5E3C01DC-DAA1-37EF-9864-D2342D136056} = {5E3C01DC-DAA1-37EF-9864-D2342D136056}
		{EC6D33D5-BE39-3B0A-9311-DAC7D61FF65B} = {EC6D33D5-BE39-3B0A-9311-DAC7D61FF65B}
		{A407E2E5-B589-38FE-9E7B-B7CD248AFAA9} = {A407E2E5-B589-38FE-9E7B-B7CD248AFAA9}
		{066E49AE-48E2-3BCF-87C6-072155A05A25} = {066E49AE-48E2-3BCF-87C6-072155A05A25}
		{1C985565-45F2-3638-B247-BEA328620CE2} = {1C985565-45F2-3638-B247-BEA328620CE2}
		{2D393C61-288A-3284-B0B7-E951751B3648} = {2D393C61-288A-3284-B0B7-E951751B3648}
		{1A6E2607-11BB-38F2-A488-7D10695CE794} = {1A6E2607-11BB-38F2-A488-7D10695CE794}
		{CF6ABE2C-C518-385A-883F-3F423484E78A} = {CF6ABE2C-C518-385A-883F-3F423484E78A}
		{D37976A0-9EB9-3F74-BCF6-9E3FFBF83AFF} = {D37976A0-9EB9-3F74-BCF6-9E3FFBF83AFF}
		{DD0B7BA2-9E5B-3738-A0E0-D5B3188A392E} = {DD0B7BA2-9E5B-3738-A0E0-D5B3188A392E}
		{4BD6EA5F-5EB5-3D3C-A100-20719CE5E150} = {4BD6EA5F-5EB5-3D3C-A100-20719CE5E150}
		{07CC4ADC-0A81-3E44-B975-A04E6FAEFEA0} = {07CC4ADC-0A81-3E44-B975-A04E6FAEFEA0}
		{26C2B8E7-792F-339A-8AB3-AF27F6A55A3F} = {26C2B8E7-792F-339A-8AB3-AF27F6A55A3F}
		{04FC8A71-75C5-3089-95FE-116718B28E01} = {04FC8A71-75C5-3089-95FE-116718B28E01}
		{09A94BCF-24A3-39D8-9A66-1D256F0E72F1} = {09A94BCF-24A3-39D8-9A66-1D256F0E72F1}
		{BCA49191-83DB-3939-8D4D-9DAAAB3FD6FC} = {BCA49191-83DB-3939-8D4D-9DAAAB3FD6FC}
		{033AA953-3F3D-353B-A80D-C498370A0E37} = {033AA953-3F3D-353B-A80D-C498370A0E37}
		{226C518B-3EA9-3F81-BB0C-C99E0A38CE70} = {226C518B-3EA9-3F81-BB0C-C99E0A38CE70}
		{D9D6A233-F789-370B-887C-8B1F6C473903} = {D9D6A233-F789-370B-887C-8B1F6C473903}
		{B9FA0C3A-ADC5-3893-8F8A-FAB1134EFC09} = {B9FA0C3A-ADC5-3893-8F8A-FAB1134EFC09}
		{7B8AF96D-C209-3527-91FD-385E6D92628C} = {7B8AF96D-C209-3527-91FD-385E6D92628C}
		{63C81B3E-385A-308E-A744-580141946CE7} = {63C81B3E-385A-308E-A744-580141946CE7}
		{C37BE5CF-0C7C-3AFC-A9AD-DA549E962FE2} = {C37BE5CF-0C7C-3AFC-A9AD-DA549E962FE2}
		{4E3E172B-2A3A-3266-87E5-544F6D8B78B7} = {4E3E172B-2A3A-3266-87E5-544F6D8B78B7}
		{9A7918A1-B205-3335-9BB1-EF5A8994401A} = {9A7918A1-B205-3335-9BB1-EF5A8994401A}
	EndProjectSection
EndProject
Project("{8BC9CEB8-8B4A-11D0-8D11-00A0C91BC942}") = "SLPlugin", "llplugin\slplugin\SLPlugin.vcxproj", "{DA9D7983-6798-3805-A757-E0166408D0EF}"
	ProjectSection(ProjectDependencies) = postProject
		{DE911E00-1512-3376-8C5F-8A11CE022970} = {DE911E00-1512-3376-8C5F-8A11CE022970}
		{17085E85-BB7D-332E-82DC-E5EFFC6AE352} = {17085E85-BB7D-332E-82DC-E5EFFC6AE352}
		{A407E2E5-B589-38FE-9E7B-B7CD248AFAA9} = {A407E2E5-B589-38FE-9E7B-B7CD248AFAA9}
		{CF6ABE2C-C518-385A-883F-3F423484E78A} = {CF6ABE2C-C518-385A-883F-3F423484E78A}
		{DD0B7BA2-9E5B-3738-A0E0-D5B3188A392E} = {DD0B7BA2-9E5B-3738-A0E0-D5B3188A392E}
	EndProjectSection
EndProject
Project("{8BC9CEB8-8B4A-11D0-8D11-00A0C91BC942}") = "ZERO_CHECK", "ZERO_CHECK.vcxproj", "{DE911E00-1512-3376-8C5F-8A11CE022970}"
	ProjectSection(ProjectDependencies) = postProject
	EndProjectSection
EndProject
Project("{8BC9CEB8-8B4A-11D0-8D11-00A0C91BC942}") = "aistatemachine", "aistatemachine\aistatemachine.vcxproj", "{17085E85-BB7D-332E-82DC-E5EFFC6AE352}"
	ProjectSection(ProjectDependencies) = postProject
		{DE911E00-1512-3376-8C5F-8A11CE022970} = {DE911E00-1512-3376-8C5F-8A11CE022970}
	EndProjectSection
EndProject
Project("{8BC9CEB8-8B4A-11D0-8D11-00A0C91BC942}") = "basic_plugin_base", "plugins\base_basic\basic_plugin_base.vcxproj", "{4CAB6D9B-351C-38AD-8AF2-2C0B0FFFE1A9}"
	ProjectSection(ProjectDependencies) = postProject
		{DE911E00-1512-3376-8C5F-8A11CE022970} = {DE911E00-1512-3376-8C5F-8A11CE022970}
	EndProjectSection
EndProject
Project("{8BC9CEB8-8B4A-11D0-8D11-00A0C91BC942}") = "basic_plugin_example", "plugins\example_basic\basic_plugin_example.vcxproj", "{641FC6A8-FDB4-30BA-BFC6-4208D80FE9FA}"
	ProjectSection(ProjectDependencies) = postProject
		{DE911E00-1512-3376-8C5F-8A11CE022970} = {DE911E00-1512-3376-8C5F-8A11CE022970}
		{4CAB6D9B-351C-38AD-8AF2-2C0B0FFFE1A9} = {4CAB6D9B-351C-38AD-8AF2-2C0B0FFFE1A9}
		{A407E2E5-B589-38FE-9E7B-B7CD248AFAA9} = {A407E2E5-B589-38FE-9E7B-B7CD248AFAA9}
		{DD0B7BA2-9E5B-3738-A0E0-D5B3188A392E} = {DD0B7BA2-9E5B-3738-A0E0-D5B3188A392E}
	EndProjectSection
EndProject
Project("{8BC9CEB8-8B4A-11D0-8D11-00A0C91BC942}") = "basic_plugin_filepicker", "plugins\filepicker\basic_plugin_filepicker.vcxproj", "{595A86BB-4B6D-3058-9988-C39073EBCC71}"
	ProjectSection(ProjectDependencies) = postProject
		{DE911E00-1512-3376-8C5F-8A11CE022970} = {DE911E00-1512-3376-8C5F-8A11CE022970}
		{4CAB6D9B-351C-38AD-8AF2-2C0B0FFFE1A9} = {4CAB6D9B-351C-38AD-8AF2-2C0B0FFFE1A9}
		{A407E2E5-B589-38FE-9E7B-B7CD248AFAA9} = {A407E2E5-B589-38FE-9E7B-B7CD248AFAA9}
		{DD0B7BA2-9E5B-3738-A0E0-D5B3188A392E} = {DD0B7BA2-9E5B-3738-A0E0-D5B3188A392E}
	EndProjectSection
EndProject
Project("{8BC9CEB8-8B4A-11D0-8D11-00A0C91BC942}") = "cmake", "cmake\cmake.vcxproj", "{37A904C2-09D4-3240-89FC-9A7CA47F56E4}"
	ProjectSection(ProjectDependencies) = postProject
		{DE911E00-1512-3376-8C5F-8A11CE022970} = {DE911E00-1512-3376-8C5F-8A11CE022970}
	EndProjectSection
EndProject
Project("{8BC9CEB8-8B4A-11D0-8D11-00A0C91BC942}") = "copy_w_viewer_manifest", "newview\copy_w_viewer_manifest.vcxproj", "{50C3E639-3B84-32DF-8130-BECBAD90749F}"
	ProjectSection(ProjectDependencies) = postProject
		{DA9D7983-6798-3805-A757-E0166408D0EF} = {DA9D7983-6798-3805-A757-E0166408D0EF}
		{DE911E00-1512-3376-8C5F-8A11CE022970} = {DE911E00-1512-3376-8C5F-8A11CE022970}
		{5089EBC8-914E-32A5-8E68-103C9A5A61D7} = {5089EBC8-914E-32A5-8E68-103C9A5A61D7}
		{226C518B-3EA9-3F81-BB0C-C99E0A38CE70} = {226C518B-3EA9-3F81-BB0C-C99E0A38CE70}
		{4E3E172B-2A3A-3266-87E5-544F6D8B78B7} = {4E3E172B-2A3A-3266-87E5-544F6D8B78B7}
	EndProjectSection
EndProject
Project("{8BC9CEB8-8B4A-11D0-8D11-00A0C91BC942}") = "copy_win_scripts", "copy_win_scripts\copy_win_scripts.vcxproj", "{BD7435EE-036D-33B5-AFD3-AC63B672DCE2}"
	ProjectSection(ProjectDependencies) = postProject
		{DE911E00-1512-3376-8C5F-8A11CE022970} = {DE911E00-1512-3376-8C5F-8A11CE022970}
	EndProjectSection
EndProject
Project("{8BC9CEB8-8B4A-11D0-8D11-00A0C91BC942}") = "generate_viewer_version", "newview\generate_viewer_version.vcxproj", "{5089EBC8-914E-32A5-8E68-103C9A5A61D7}"
	ProjectSection(ProjectDependencies) = postProject
		{DE911E00-1512-3376-8C5F-8A11CE022970} = {DE911E00-1512-3376-8C5F-8A11CE022970}
	EndProjectSection
EndProject
Project("{8BC9CEB8-8B4A-11D0-8D11-00A0C91BC942}") = "hacd", "libhacd\hacd.vcxproj", "{6C09178C-2DE3-3529-BB6F-790DBF8EE09F}"
	ProjectSection(ProjectDependencies) = postProject
		{DE911E00-1512-3376-8C5F-8A11CE022970} = {DE911E00-1512-3376-8C5F-8A11CE022970}
	EndProjectSection
EndProject
Project("{8BC9CEB8-8B4A-11D0-8D11-00A0C91BC942}") = "llappearance", "llappearance\llappearance.vcxproj", "{B8D8EF71-F1C9-35E4-9C6D-6F24610B26D7}"
	ProjectSection(ProjectDependencies) = postProject
		{DE911E00-1512-3376-8C5F-8A11CE022970} = {DE911E00-1512-3376-8C5F-8A11CE022970}
		{EC6D33D5-BE39-3B0A-9311-DAC7D61FF65B} = {EC6D33D5-BE39-3B0A-9311-DAC7D61FF65B}
		{A407E2E5-B589-38FE-9E7B-B7CD248AFAA9} = {A407E2E5-B589-38FE-9E7B-B7CD248AFAA9}
		{066E49AE-48E2-3BCF-87C6-072155A05A25} = {066E49AE-48E2-3BCF-87C6-072155A05A25}
		{2D393C61-288A-3284-B0B7-E951751B3648} = {2D393C61-288A-3284-B0B7-E951751B3648}
		{1A6E2607-11BB-38F2-A488-7D10695CE794} = {1A6E2607-11BB-38F2-A488-7D10695CE794}
		{07CC4ADC-0A81-3E44-B975-A04E6FAEFEA0} = {07CC4ADC-0A81-3E44-B975-A04E6FAEFEA0}
		{04FC8A71-75C5-3089-95FE-116718B28E01} = {04FC8A71-75C5-3089-95FE-116718B28E01}
		{BCA49191-83DB-3939-8D4D-9DAAAB3FD6FC} = {BCA49191-83DB-3939-8D4D-9DAAAB3FD6FC}
	EndProjectSection
EndProject
Project("{8BC9CEB8-8B4A-11D0-8D11-00A0C91BC942}") = "llaudio", "llaudio\llaudio.vcxproj", "{5E3C01DC-DAA1-37EF-9864-D2342D136056}"
	ProjectSection(ProjectDependencies) = postProject
		{DE911E00-1512-3376-8C5F-8A11CE022970} = {DE911E00-1512-3376-8C5F-8A11CE022970}
	EndProjectSection
EndProject
Project("{8BC9CEB8-8B4A-11D0-8D11-00A0C91BC942}") = "llcharacter", "llcharacter\llcharacter.vcxproj", "{EC6D33D5-BE39-3B0A-9311-DAC7D61FF65B}"
	ProjectSection(ProjectDependencies) = postProject
		{DE911E00-1512-3376-8C5F-8A11CE022970} = {DE911E00-1512-3376-8C5F-8A11CE022970}
	EndProjectSection
EndProject
Project("{8BC9CEB8-8B4A-11D0-8D11-00A0C91BC942}") = "llcommon", "llcommon\llcommon.vcxproj", "{A407E2E5-B589-38FE-9E7B-B7CD248AFAA9}"
	ProjectSection(ProjectDependencies) = postProject
		{DE911E00-1512-3376-8C5F-8A11CE022970} = {DE911E00-1512-3376-8C5F-8A11CE022970}
		{4E3E172B-2A3A-3266-87E5-544F6D8B78B7} = {4E3E172B-2A3A-3266-87E5-544F6D8B78B7}
	EndProjectSection
EndProject
Project("{8BC9CEB8-8B4A-11D0-8D11-00A0C91BC942}") = "llimage", "llimage\llimage.vcxproj", "{066E49AE-48E2-3BCF-87C6-072155A05A25}"
	ProjectSection(ProjectDependencies) = postProject
		{DE911E00-1512-3376-8C5F-8A11CE022970} = {DE911E00-1512-3376-8C5F-8A11CE022970}
	EndProjectSection
EndProject
Project("{8BC9CEB8-8B4A-11D0-8D11-00A0C91BC942}") = "llimagej2coj", "llimagej2coj\llimagej2coj.vcxproj", "{1C985565-45F2-3638-B247-BEA328620CE2}"
	ProjectSection(ProjectDependencies) = postProject
		{DE911E00-1512-3376-8C5F-8A11CE022970} = {DE911E00-1512-3376-8C5F-8A11CE022970}
		{63C81B3E-385A-308E-A744-580141946CE7} = {63C81B3E-385A-308E-A744-580141946CE7}
	EndProjectSection
EndProject
Project("{8BC9CEB8-8B4A-11D0-8D11-00A0C91BC942}") = "llinventory", "llinventory\llinventory.vcxproj", "{2D393C61-288A-3284-B0B7-E951751B3648}"
	ProjectSection(ProjectDependencies) = postProject
		{DE911E00-1512-3376-8C5F-8A11CE022970} = {DE911E00-1512-3376-8C5F-8A11CE022970}
	EndProjectSection
EndProject
Project("{8BC9CEB8-8B4A-11D0-8D11-00A0C91BC942}") = "llmath", "llmath\llmath.vcxproj", "{1A6E2607-11BB-38F2-A488-7D10695CE794}"
	ProjectSection(ProjectDependencies) = postProject
		{DE911E00-1512-3376-8C5F-8A11CE022970} = {DE911E00-1512-3376-8C5F-8A11CE022970}
	EndProjectSection
EndProject
Project("{8BC9CEB8-8B4A-11D0-8D11-00A0C91BC942}") = "llmessage", "llmessage\llmessage.vcxproj", "{CF6ABE2C-C518-385A-883F-3F423484E78A}"
	ProjectSection(ProjectDependencies) = postProject
		{DE911E00-1512-3376-8C5F-8A11CE022970} = {DE911E00-1512-3376-8C5F-8A11CE022970}
	EndProjectSection
EndProject
Project("{8BC9CEB8-8B4A-11D0-8D11-00A0C91BC942}") = "llpackage", "newview\llpackage.vcxproj", "{D37976A0-9EB9-3F74-BCF6-9E3FFBF83AFF}"
	ProjectSection(ProjectDependencies) = postProject
		{DA9D7983-6798-3805-A757-E0166408D0EF} = {DA9D7983-6798-3805-A757-E0166408D0EF}
		{DE911E00-1512-3376-8C5F-8A11CE022970} = {DE911E00-1512-3376-8C5F-8A11CE022970}
		{226C518B-3EA9-3F81-BB0C-C99E0A38CE70} = {226C518B-3EA9-3F81-BB0C-C99E0A38CE70}
		{C37BE5CF-0C7C-3AFC-A9AD-DA549E962FE2} = {C37BE5CF-0C7C-3AFC-A9AD-DA549E962FE2}
	EndProjectSection
EndProject
Project("{8BC9CEB8-8B4A-11D0-8D11-00A0C91BC942}") = "llplugin", "llplugin\llplugin.vcxproj", "{DD0B7BA2-9E5B-3738-A0E0-D5B3188A392E}"
	ProjectSection(ProjectDependencies) = postProject
		{DE911E00-1512-3376-8C5F-8A11CE022970} = {DE911E00-1512-3376-8C5F-8A11CE022970}
	EndProjectSection
EndProject
Project("{8BC9CEB8-8B4A-11D0-8D11-00A0C91BC942}") = "llprimitive", "llprimitive\llprimitive.vcxproj", "{4BD6EA5F-5EB5-3D3C-A100-20719CE5E150}"
	ProjectSection(ProjectDependencies) = postProject
		{DE911E00-1512-3376-8C5F-8A11CE022970} = {DE911E00-1512-3376-8C5F-8A11CE022970}
	EndProjectSection
EndProject
Project("{8BC9CEB8-8B4A-11D0-8D11-00A0C91BC942}") = "llrender", "llrender\llrender.vcxproj", "{07CC4ADC-0A81-3E44-B975-A04E6FAEFEA0}"
	ProjectSection(ProjectDependencies) = postProject
		{DE911E00-1512-3376-8C5F-8A11CE022970} = {DE911E00-1512-3376-8C5F-8A11CE022970}
	EndProjectSection
EndProject
Project("{8BC9CEB8-8B4A-11D0-8D11-00A0C91BC942}") = "llui", "llui\llui.vcxproj", "{26C2B8E7-792F-339A-8AB3-AF27F6A55A3F}"
	ProjectSection(ProjectDependencies) = postProject
		{DE911E00-1512-3376-8C5F-8A11CE022970} = {DE911E00-1512-3376-8C5F-8A11CE022970}
		{A407E2E5-B589-38FE-9E7B-B7CD248AFAA9} = {A407E2E5-B589-38FE-9E7B-B7CD248AFAA9}
		{066E49AE-48E2-3BCF-87C6-072155A05A25} = {066E49AE-48E2-3BCF-87C6-072155A05A25}
		{1A6E2607-11BB-38F2-A488-7D10695CE794} = {1A6E2607-11BB-38F2-A488-7D10695CE794}
		{07CC4ADC-0A81-3E44-B975-A04E6FAEFEA0} = {07CC4ADC-0A81-3E44-B975-A04E6FAEFEA0}
		{04FC8A71-75C5-3089-95FE-116718B28E01} = {04FC8A71-75C5-3089-95FE-116718B28E01}
		{09A94BCF-24A3-39D8-9A66-1D256F0E72F1} = {09A94BCF-24A3-39D8-9A66-1D256F0E72F1}
		{BCA49191-83DB-3939-8D4D-9DAAAB3FD6FC} = {BCA49191-83DB-3939-8D4D-9DAAAB3FD6FC}
	EndProjectSection
EndProject
Project("{8BC9CEB8-8B4A-11D0-8D11-00A0C91BC942}") = "llvfs", "llvfs\llvfs.vcxproj", "{04FC8A71-75C5-3089-95FE-116718B28E01}"
	ProjectSection(ProjectDependencies) = postProject
		{DE911E00-1512-3376-8C5F-8A11CE022970} = {DE911E00-1512-3376-8C5F-8A11CE022970}
	EndProjectSection
EndProject
Project("{8BC9CEB8-8B4A-11D0-8D11-00A0C91BC942}") = "llwindow", "llwindow\llwindow.vcxproj", "{09A94BCF-24A3-39D8-9A66-1D256F0E72F1}"
	ProjectSection(ProjectDependencies) = postProject
		{DE911E00-1512-3376-8C5F-8A11CE022970} = {DE911E00-1512-3376-8C5F-8A11CE022970}
	EndProjectSection
EndProject
Project("{8BC9CEB8-8B4A-11D0-8D11-00A0C91BC942}") = "llxml", "llxml\llxml.vcxproj", "{BCA49191-83DB-3939-8D4D-9DAAAB3FD6FC}"
	ProjectSection(ProjectDependencies) = postProject
		{DE911E00-1512-3376-8C5F-8A11CE022970} = {DE911E00-1512-3376-8C5F-8A11CE022970}
	EndProjectSection
EndProject
Project("{8BC9CEB8-8B4A-11D0-8D11-00A0C91BC942}") = "media_plugin_base", "plugins\base_media\media_plugin_base.vcxproj", "{033AA953-3F3D-353B-A80D-C498370A0E37}"
	ProjectSection(ProjectDependencies) = postProject
		{DE911E00-1512-3376-8C5F-8A11CE022970} = {DE911E00-1512-3376-8C5F-8A11CE022970}
		{4CAB6D9B-351C-38AD-8AF2-2C0B0FFFE1A9} = {4CAB6D9B-351C-38AD-8AF2-2C0B0FFFE1A9}
	EndProjectSection
EndProject
Project("{8BC9CEB8-8B4A-11D0-8D11-00A0C91BC942}") = "media_plugin_cef", "plugins\cef\media_plugin_cef.vcxproj", "{226C518B-3EA9-3F81-BB0C-C99E0A38CE70}"
	ProjectSection(ProjectDependencies) = postProject
		{DE911E00-1512-3376-8C5F-8A11CE022970} = {DE911E00-1512-3376-8C5F-8A11CE022970}
		{4CAB6D9B-351C-38AD-8AF2-2C0B0FFFE1A9} = {4CAB6D9B-351C-38AD-8AF2-2C0B0FFFE1A9}
		{A407E2E5-B589-38FE-9E7B-B7CD248AFAA9} = {A407E2E5-B589-38FE-9E7B-B7CD248AFAA9}
		{DD0B7BA2-9E5B-3738-A0E0-D5B3188A392E} = {DD0B7BA2-9E5B-3738-A0E0-D5B3188A392E}
		{033AA953-3F3D-353B-A80D-C498370A0E37} = {033AA953-3F3D-353B-A80D-C498370A0E37}
	EndProjectSection
EndProject
Project("{8BC9CEB8-8B4A-11D0-8D11-00A0C91BC942}") = "media_plugin_example", "plugins\example_media\media_plugin_example.vcxproj", "{D9D6A233-F789-370B-887C-8B1F6C473903}"
	ProjectSection(ProjectDependencies) = postProject
		{DE911E00-1512-3376-8C5F-8A11CE022970} = {DE911E00-1512-3376-8C5F-8A11CE022970}
		{4CAB6D9B-351C-38AD-8AF2-2C0B0FFFE1A9} = {4CAB6D9B-351C-38AD-8AF2-2C0B0FFFE1A9}
		{A407E2E5-B589-38FE-9E7B-B7CD248AFAA9} = {A407E2E5-B589-38FE-9E7B-B7CD248AFAA9}
		{DD0B7BA2-9E5B-3738-A0E0-D5B3188A392E} = {DD0B7BA2-9E5B-3738-A0E0-D5B3188A392E}
		{033AA953-3F3D-353B-A80D-C498370A0E37} = {033AA953-3F3D-353B-A80D-C498370A0E37}
	EndProjectSection
EndProject
Project("{8BC9CEB8-8B4A-11D0-8D11-00A0C91BC942}") = "nd_Pathing", "libpathing\nd_Pathing.vcxproj", "{B9FA0C3A-ADC5-3893-8F8A-FAB1134EFC09}"
	ProjectSection(ProjectDependencies) = postProject
		{DE911E00-1512-3376-8C5F-8A11CE022970} = {DE911E00-1512-3376-8C5F-8A11CE022970}
	EndProjectSection
EndProject
Project("{8BC9CEB8-8B4A-11D0-8D11-00A0C91BC942}") = "nd_hacdConvexDecomposition", "libndhacd\nd_hacdConvexDecomposition.vcxproj", "{7B8AF96D-C209-3527-91FD-385E6D92628C}"
	ProjectSection(ProjectDependencies) = postProject
		{DE911E00-1512-3376-8C5F-8A11CE022970} = {DE911E00-1512-3376-8C5F-8A11CE022970}
	EndProjectSection
EndProject
Project("{8BC9CEB8-8B4A-11D0-8D11-00A0C91BC942}") = "openjpeg", "libopenjpeg\openjpeg.vcxproj", "{63C81B3E-385A-308E-A744-580141946CE7}"
	ProjectSection(ProjectDependencies) = postProject
		{DE911E00-1512-3376-8C5F-8A11CE022970} = {DE911E00-1512-3376-8C5F-8A11CE022970}
	EndProjectSection
EndProject
Project("{8BC9CEB8-8B4A-11D0-8D11-00A0C91BC942}") = "singularity-bin", "newview\singularity-bin.vcxproj", "{C37BE5CF-0C7C-3AFC-A9AD-DA549E962FE2}"
	ProjectSection(ProjectDependencies) = postProject
		{DA9D7983-6798-3805-A757-E0166408D0EF} = {DA9D7983-6798-3805-A757-E0166408D0EF}
		{DE911E00-1512-3376-8C5F-8A11CE022970} = {DE911E00-1512-3376-8C5F-8A11CE022970}
		{17085E85-BB7D-332E-82DC-E5EFFC6AE352} = {17085E85-BB7D-332E-82DC-E5EFFC6AE352}
		{50C3E639-3B84-32DF-8130-BECBAD90749F} = {50C3E639-3B84-32DF-8130-BECBAD90749F}
		{BD7435EE-036D-33B5-AFD3-AC63B672DCE2} = {BD7435EE-036D-33B5-AFD3-AC63B672DCE2}
		{5089EBC8-914E-32A5-8E68-103C9A5A61D7} = {5089EBC8-914E-32A5-8E68-103C9A5A61D7}
		{6C09178C-2DE3-3529-BB6F-790DBF8EE09F} = {6C09178C-2DE3-3529-BB6F-790DBF8EE09F}
		{B8D8EF71-F1C9-35E4-9C6D-6F24610B26D7} = {B8D8EF71-F1C9-35E4-9C6D-6F24610B26D7}
		{5E3C01DC-DAA1-37EF-9864-D2342D136056} = {5E3C01DC-DAA1-37EF-9864-D2342D136056}
		{EC6D33D5-BE39-3B0A-9311-DAC7D61FF65B} = {EC6D33D5-BE39-3B0A-9311-DAC7D61FF65B}
		{A407E2E5-B589-38FE-9E7B-B7CD248AFAA9} = {A407E2E5-B589-38FE-9E7B-B7CD248AFAA9}
		{066E49AE-48E2-3BCF-87C6-072155A05A25} = {066E49AE-48E2-3BCF-87C6-072155A05A25}
		{1C985565-45F2-3638-B247-BEA328620CE2} = {1C985565-45F2-3638-B247-BEA328620CE2}
		{2D393C61-288A-3284-B0B7-E951751B3648} = {2D393C61-288A-3284-B0B7-E951751B3648}
		{1A6E2607-11BB-38F2-A488-7D10695CE794} = {1A6E2607-11BB-38F2-A488-7D10695CE794}
		{CF6ABE2C-C518-385A-883F-3F423484E78A} = {CF6ABE2C-C518-385A-883F-3F423484E78A}
		{DD0B7BA2-9E5B-3738-A0E0-D5B3188A392E} = {DD0B7BA2-9E5B-3738-A0E0-D5B3188A392E}
		{4BD6EA5F-5EB5-3D3C-A100-20719CE5E150} = {4BD6EA5F-5EB5-3D3C-A100-20719CE5E150}
		{07CC4ADC-0A81-3E44-B975-A04E6FAEFEA0} = {07CC4ADC-0A81-3E44-B975-A04E6FAEFEA0}
		{26C2B8E7-792F-339A-8AB3-AF27F6A55A3F} = {26C2B8E7-792F-339A-8AB3-AF27F6A55A3F}
		{04FC8A71-75C5-3089-95FE-116718B28E01} = {04FC8A71-75C5-3089-95FE-116718B28E01}
		{09A94BCF-24A3-39D8-9A66-1D256F0E72F1} = {09A94BCF-24A3-39D8-9A66-1D256F0E72F1}
		{BCA49191-83DB-3939-8D4D-9DAAAB3FD6FC} = {BCA49191-83DB-3939-8D4D-9DAAAB3FD6FC}
		{B9FA0C3A-ADC5-3893-8F8A-FAB1134EFC09} = {B9FA0C3A-ADC5-3893-8F8A-FAB1134EFC09}
		{7B8AF96D-C209-3527-91FD-385E6D92628C} = {7B8AF96D-C209-3527-91FD-385E6D92628C}
		{63C81B3E-385A-308E-A744-580141946CE7} = {63C81B3E-385A-308E-A744-580141946CE7}
		{4E3E172B-2A3A-3266-87E5-544F6D8B78B7} = {4E3E172B-2A3A-3266-87E5-544F6D8B78B7}
		{9A7918A1-B205-3335-9BB1-EF5A8994401A} = {9A7918A1-B205-3335-9BB1-EF5A8994401A}
	EndProjectSection
EndProject
Project("{8BC9CEB8-8B4A-11D0-8D11-00A0C91BC942}") = "stage_third_party_libs", "llcommon\stage_third_party_libs.vcxproj", "{4E3E172B-2A3A-3266-87E5-544F6D8B78B7}"
	ProjectSection(ProjectDependencies) = postProject
		{DE911E00-1512-3376-8C5F-8A11CE022970} = {DE911E00-1512-3376-8C5F-8A11CE022970}
	EndProjectSection
EndProject
Project("{8BC9CEB8-8B4A-11D0-8D11-00A0C91BC942}") = "statemachine", "newview\statemachine\statemachine.vcxproj", "{9A7918A1-B205-3335-9BB1-EF5A8994401A}"
	ProjectSection(ProjectDependencies) = postProject
		{DE911E00-1512-3376-8C5F-8A11CE022970} = {DE911E00-1512-3376-8C5F-8A11CE022970}
	EndProjectSection
EndProject
Project("{8BC9CEB8-8B4A-11D0-8D11-00A0C91BC942}") = "viewer", "viewer.vcxproj", "{4EACFF6E-781B-3F62-AEE0-DFF598E13B7F}"
	ProjectSection(ProjectDependencies) = postProject
		{DE911E00-1512-3376-8C5F-8A11CE022970} = {DE911E00-1512-3376-8C5F-8A11CE022970}
		{C37BE5CF-0C7C-3AFC-A9AD-DA549E962FE2} = {C37BE5CF-0C7C-3AFC-A9AD-DA549E962FE2}
	EndProjectSection
EndProject
Global
	GlobalSection(SolutionConfigurationPlatforms) = preSolution
		RelWithDebInfo|x64 = RelWithDebInfo|x64
		Release|x64 = Release|x64
		Debug|x64 = Debug|x64
	EndGlobalSection
	GlobalSection(ProjectConfigurationPlatforms) = postSolution
		{70F0A530-CF5F-3E9D-9E05-F8150A3AA6BC}.RelWithDebInfo|x64.ActiveCfg = RelWithDebInfo|x64
		{70F0A530-CF5F-3E9D-9E05-F8150A3AA6BC}.Release|x64.ActiveCfg = Release|x64
		{70F0A530-CF5F-3E9D-9E05-F8150A3AA6BC}.Debug|x64.ActiveCfg = Debug|x64
		{DA9D7983-6798-3805-A757-E0166408D0EF}.RelWithDebInfo|x64.ActiveCfg = RelWithDebInfo|x64
		{DA9D7983-6798-3805-A757-E0166408D0EF}.RelWithDebInfo|x64.Build.0 = RelWithDebInfo|x64
		{DA9D7983-6798-3805-A757-E0166408D0EF}.Release|x64.ActiveCfg = Release|x64
		{DA9D7983-6798-3805-A757-E0166408D0EF}.Release|x64.Build.0 = Release|x64
		{DA9D7983-6798-3805-A757-E0166408D0EF}.Debug|x64.ActiveCfg = Debug|x64
		{DA9D7983-6798-3805-A757-E0166408D0EF}.Debug|x64.Build.0 = Debug|x64
		{DE911E00-1512-3376-8C5F-8A11CE022970}.RelWithDebInfo|x64.ActiveCfg = RelWithDebInfo|x64
		{DE911E00-1512-3376-8C5F-8A11CE022970}.RelWithDebInfo|x64.Build.0 = RelWithDebInfo|x64
		{DE911E00-1512-3376-8C5F-8A11CE022970}.Release|x64.ActiveCfg = Release|x64
		{DE911E00-1512-3376-8C5F-8A11CE022970}.Release|x64.Build.0 = Release|x64
		{DE911E00-1512-3376-8C5F-8A11CE022970}.Debug|x64.ActiveCfg = Debug|x64
		{DE911E00-1512-3376-8C5F-8A11CE022970}.Debug|x64.Build.0 = Debug|x64
		{17085E85-BB7D-332E-82DC-E5EFFC6AE352}.RelWithDebInfo|x64.ActiveCfg = RelWithDebInfo|x64
		{17085E85-BB7D-332E-82DC-E5EFFC6AE352}.RelWithDebInfo|x64.Build.0 = RelWithDebInfo|x64
		{17085E85-BB7D-332E-82DC-E5EFFC6AE352}.Release|x64.ActiveCfg = Release|x64
		{17085E85-BB7D-332E-82DC-E5EFFC6AE352}.Release|x64.Build.0 = Release|x64
		{17085E85-BB7D-332E-82DC-E5EFFC6AE352}.Debug|x64.ActiveCfg = Debug|x64
		{17085E85-BB7D-332E-82DC-E5EFFC6AE352}.Debug|x64.Build.0 = Debug|x64
		{4CAB6D9B-351C-38AD-8AF2-2C0B0FFFE1A9}.RelWithDebInfo|x64.ActiveCfg = RelWithDebInfo|x64
		{4CAB6D9B-351C-38AD-8AF2-2C0B0FFFE1A9}.RelWithDebInfo|x64.Build.0 = RelWithDebInfo|x64
		{4CAB6D9B-351C-38AD-8AF2-2C0B0FFFE1A9}.Release|x64.ActiveCfg = Release|x64
		{4CAB6D9B-351C-38AD-8AF2-2C0B0FFFE1A9}.Release|x64.Build.0 = Release|x64
		{4CAB6D9B-351C-38AD-8AF2-2C0B0FFFE1A9}.Debug|x64.ActiveCfg = Debug|x64
		{4CAB6D9B-351C-38AD-8AF2-2C0B0FFFE1A9}.Debug|x64.Build.0 = Debug|x64
		{641FC6A8-FDB4-30BA-BFC6-4208D80FE9FA}.RelWithDebInfo|x64.ActiveCfg = RelWithDebInfo|x64
		{641FC6A8-FDB4-30BA-BFC6-4208D80FE9FA}.RelWithDebInfo|x64.Build.0 = RelWithDebInfo|x64
		{641FC6A8-FDB4-30BA-BFC6-4208D80FE9FA}.Release|x64.ActiveCfg = Release|x64
		{641FC6A8-FDB4-30BA-BFC6-4208D80FE9FA}.Release|x64.Build.0 = Release|x64
		{641FC6A8-FDB4-30BA-BFC6-4208D80FE9FA}.Debug|x64.ActiveCfg = Debug|x64
		{641FC6A8-FDB4-30BA-BFC6-4208D80FE9FA}.Debug|x64.Build.0 = Debug|x64
		{595A86BB-4B6D-3058-9988-C39073EBCC71}.RelWithDebInfo|x64.ActiveCfg = RelWithDebInfo|x64
		{595A86BB-4B6D-3058-9988-C39073EBCC71}.RelWithDebInfo|x64.Build.0 = RelWithDebInfo|x64
		{595A86BB-4B6D-3058-9988-C39073EBCC71}.Release|x64.ActiveCfg = Release|x64
		{595A86BB-4B6D-3058-9988-C39073EBCC71}.Release|x64.Build.0 = Release|x64
		{595A86BB-4B6D-3058-9988-C39073EBCC71}.Debug|x64.ActiveCfg = Debug|x64
		{595A86BB-4B6D-3058-9988-C39073EBCC71}.Debug|x64.Build.0 = Debug|x64
		{37A904C2-09D4-3240-89FC-9A7CA47F56E4}.RelWithDebInfo|x64.ActiveCfg = RelWithDebInfo|x64
		{37A904C2-09D4-3240-89FC-9A7CA47F56E4}.RelWithDebInfo|x64.Build.0 = RelWithDebInfo|x64
		{37A904C2-09D4-3240-89FC-9A7CA47F56E4}.Release|x64.ActiveCfg = Release|x64
		{37A904C2-09D4-3240-89FC-9A7CA47F56E4}.Release|x64.Build.0 = Release|x64
		{37A904C2-09D4-3240-89FC-9A7CA47F56E4}.Debug|x64.ActiveCfg = Debug|x64
		{37A904C2-09D4-3240-89FC-9A7CA47F56E4}.Debug|x64.Build.0 = Debug|x64
		{50C3E639-3B84-32DF-8130-BECBAD90749F}.RelWithDebInfo|x64.ActiveCfg = RelWithDebInfo|x64
		{50C3E639-3B84-32DF-8130-BECBAD90749F}.RelWithDebInfo|x64.Build.0 = RelWithDebInfo|x64
		{50C3E639-3B84-32DF-8130-BECBAD90749F}.Release|x64.ActiveCfg = Release|x64
		{50C3E639-3B84-32DF-8130-BECBAD90749F}.Release|x64.Build.0 = Release|x64
		{50C3E639-3B84-32DF-8130-BECBAD90749F}.Debug|x64.ActiveCfg = Debug|x64
		{50C3E639-3B84-32DF-8130-BECBAD90749F}.Debug|x64.Build.0 = Debug|x64
		{BD7435EE-036D-33B5-AFD3-AC63B672DCE2}.RelWithDebInfo|x64.ActiveCfg = RelWithDebInfo|x64
		{BD7435EE-036D-33B5-AFD3-AC63B672DCE2}.RelWithDebInfo|x64.Build.0 = RelWithDebInfo|x64
		{BD7435EE-036D-33B5-AFD3-AC63B672DCE2}.Release|x64.ActiveCfg = Release|x64
		{BD7435EE-036D-33B5-AFD3-AC63B672DCE2}.Release|x64.Build.0 = Release|x64
		{BD7435EE-036D-33B5-AFD3-AC63B672DCE2}.Debug|x64.ActiveCfg = Debug|x64
		{BD7435EE-036D-33B5-AFD3-AC63B672DCE2}.Debug|x64.Build.0 = Debug|x64
		{5089EBC8-914E-32A5-8E68-103C9A5A61D7}.RelWithDebInfo|x64.ActiveCfg = RelWithDebInfo|x64
		{5089EBC8-914E-32A5-8E68-103C9A5A61D7}.RelWithDebInfo|x64.Build.0 = RelWithDebInfo|x64
		{5089EBC8-914E-32A5-8E68-103C9A5A61D7}.Release|x64.ActiveCfg = Release|x64
		{5089EBC8-914E-32A5-8E68-103C9A5A61D7}.Release|x64.Build.0 = Release|x64
		{5089EBC8-914E-32A5-8E68-103C9A5A61D7}.Debug|x64.ActiveCfg = Debug|x64
		{5089EBC8-914E-32A5-8E68-103C9A5A61D7}.Debug|x64.Build.0 = Debug|x64
		{6C09178C-2DE3-3529-BB6F-790DBF8EE09F}.RelWithDebInfo|x64.ActiveCfg = RelWithDebInfo|x64
		{6C09178C-2DE3-3529-BB6F-790DBF8EE09F}.RelWithDebInfo|x64.Build.0 = RelWithDebInfo|x64
		{6C09178C-2DE3-3529-BB6F-790DBF8EE09F}.Release|x64.ActiveCfg = Release|x64
		{6C09178C-2DE3-3529-BB6F-790DBF8EE09F}.Release|x64.Build.0 = Release|x64
		{6C09178C-2DE3-3529-BB6F-790DBF8EE09F}.Debug|x64.ActiveCfg = Debug|x64
		{6C09178C-2DE3-3529-BB6F-790DBF8EE09F}.Debug|x64.Build.0 = Debug|x64
		{B8D8EF71-F1C9-35E4-9C6D-6F24610B26D7}.RelWithDebInfo|x64.ActiveCfg = RelWithDebInfo|x64
		{B8D8EF71-F1C9-35E4-9C6D-6F24610B26D7}.RelWithDebInfo|x64.Build.0 = RelWithDebInfo|x64
		{B8D8EF71-F1C9-35E4-9C6D-6F24610B26D7}.Release|x64.ActiveCfg = Release|x64
		{B8D8EF71-F1C9-35E4-9C6D-6F24610B26D7}.Release|x64.Build.0 = Release|x64
		{B8D8EF71-F1C9-35E4-9C6D-6F24610B26D7}.Debug|x64.ActiveCfg = Debug|x64
		{B8D8EF71-F1C9-35E4-9C6D-6F24610B26D7}.Debug|x64.Build.0 = Debug|x64
		{5E3C01DC-DAA1-37EF-9864-D2342D136056}.RelWithDebInfo|x64.ActiveCfg = RelWithDebInfo|x64
		{5E3C01DC-DAA1-37EF-9864-D2342D136056}.RelWithDebInfo|x64.Build.0 = RelWithDebInfo|x64
		{5E3C01DC-DAA1-37EF-9864-D2342D136056}.Release|x64.ActiveCfg = Release|x64
		{5E3C01DC-DAA1-37EF-9864-D2342D136056}.Release|x64.Build.0 = Release|x64
		{5E3C01DC-DAA1-37EF-9864-D2342D136056}.Debug|x64.ActiveCfg = Debug|x64
		{5E3C01DC-DAA1-37EF-9864-D2342D136056}.Debug|x64.Build.0 = Debug|x64
		{EC6D33D5-BE39-3B0A-9311-DAC7D61FF65B}.RelWithDebInfo|x64.ActiveCfg = RelWithDebInfo|x64
		{EC6D33D5-BE39-3B0A-9311-DAC7D61FF65B}.RelWithDebInfo|x64.Build.0 = RelWithDebInfo|x64
		{EC6D33D5-BE39-3B0A-9311-DAC7D61FF65B}.Release|x64.ActiveCfg = Release|x64
		{EC6D33D5-BE39-3B0A-9311-DAC7D61FF65B}.Release|x64.Build.0 = Release|x64
		{EC6D33D5-BE39-3B0A-9311-DAC7D61FF65B}.Debug|x64.ActiveCfg = Debug|x64
		{EC6D33D5-BE39-3B0A-9311-DAC7D61FF65B}.Debug|x64.Build.0 = Debug|x64
		{A407E2E5-B589-38FE-9E7B-B7CD248AFAA9}.RelWithDebInfo|x64.ActiveCfg = RelWithDebInfo|x64
		{A407E2E5-B589-38FE-9E7B-B7CD248AFAA9}.RelWithDebInfo|x64.Build.0 = RelWithDebInfo|x64
		{A407E2E5-B589-38FE-9E7B-B7CD248AFAA9}.Release|x64.ActiveCfg = Release|x64
		{A407E2E5-B589-38FE-9E7B-B7CD248AFAA9}.Release|x64.Build.0 = Release|x64
		{A407E2E5-B589-38FE-9E7B-B7CD248AFAA9}.Debug|x64.ActiveCfg = Debug|x64
		{A407E2E5-B589-38FE-9E7B-B7CD248AFAA9}.Debug|x64.Build.0 = Debug|x64
		{066E49AE-48E2-3BCF-87C6-072155A05A25}.RelWithDebInfo|x64.ActiveCfg = RelWithDebInfo|x64
		{066E49AE-48E2-3BCF-87C6-072155A05A25}.RelWithDebInfo|x64.Build.0 = RelWithDebInfo|x64
		{066E49AE-48E2-3BCF-87C6-072155A05A25}.Release|x64.ActiveCfg = Release|x64
		{066E49AE-48E2-3BCF-87C6-072155A05A25}.Release|x64.Build.0 = Release|x64
		{066E49AE-48E2-3BCF-87C6-072155A05A25}.Debug|x64.ActiveCfg = Debug|x64
		{066E49AE-48E2-3BCF-87C6-072155A05A25}.Debug|x64.Build.0 = Debug|x64
		{1C985565-45F2-3638-B247-BEA328620CE2}.RelWithDebInfo|x64.ActiveCfg = RelWithDebInfo|x64
		{1C985565-45F2-3638-B247-BEA328620CE2}.RelWithDebInfo|x64.Build.0 = RelWithDebInfo|x64
		{1C985565-45F2-3638-B247-BEA328620CE2}.Release|x64.ActiveCfg = Release|x64
		{1C985565-45F2-3638-B247-BEA328620CE2}.Release|x64.Build.0 = Release|x64
		{1C985565-45F2-3638-B247-BEA328620CE2}.Debug|x64.ActiveCfg = Debug|x64
		{1C985565-45F2-3638-B247-BEA328620CE2}.Debug|x64.Build.0 = Debug|x64
		{2D393C61-288A-3284-B0B7-E951751B3648}.RelWithDebInfo|x64.ActiveCfg = RelWithDebInfo|x64
		{2D393C61-288A-3284-B0B7-E951751B3648}.RelWithDebInfo|x64.Build.0 = RelWithDebInfo|x64
		{2D393C61-288A-3284-B0B7-E951751B3648}.Release|x64.ActiveCfg = Release|x64
		{2D393C61-288A-3284-B0B7-E951751B3648}.Release|x64.Build.0 = Release|x64
		{2D393C61-288A-3284-B0B7-E951751B3648}.Debug|x64.ActiveCfg = Debug|x64
		{2D393C61-288A-3284-B0B7-E951751B3648}.Debug|x64.Build.0 = Debug|x64
		{1A6E2607-11BB-38F2-A488-7D10695CE794}.RelWithDebInfo|x64.ActiveCfg = RelWithDebInfo|x64
		{1A6E2607-11BB-38F2-A488-7D10695CE794}.RelWithDebInfo|x64.Build.0 = RelWithDebInfo|x64
		{1A6E2607-11BB-38F2-A488-7D10695CE794}.Release|x64.ActiveCfg = Release|x64
		{1A6E2607-11BB-38F2-A488-7D10695CE794}.Release|x64.Build.0 = Release|x64
		{1A6E2607-11BB-38F2-A488-7D10695CE794}.Debug|x64.ActiveCfg = Debug|x64
		{1A6E2607-11BB-38F2-A488-7D10695CE794}.Debug|x64.Build.0 = Debug|x64
		{CF6ABE2C-C518-385A-883F-3F423484E78A}.RelWithDebInfo|x64.ActiveCfg = RelWithDebInfo|x64
		{CF6ABE2C-C518-385A-883F-3F423484E78A}.RelWithDebInfo|x64.Build.0 = RelWithDebInfo|x64
		{CF6ABE2C-C518-385A-883F-3F423484E78A}.Release|x64.ActiveCfg = Release|x64
		{CF6ABE2C-C518-385A-883F-3F423484E78A}.Release|x64.Build.0 = Release|x64
		{CF6ABE2C-C518-385A-883F-3F423484E78A}.Debug|x64.ActiveCfg = Debug|x64
		{CF6ABE2C-C518-385A-883F-3F423484E78A}.Debug|x64.Build.0 = Debug|x64
		{D37976A0-9EB9-3F74-BCF6-9E3FFBF83AFF}.RelWithDebInfo|x64.ActiveCfg = RelWithDebInfo|x64
		{D37976A0-9EB9-3F74-BCF6-9E3FFBF83AFF}.RelWithDebInfo|x64.Build.0 = RelWithDebInfo|x64
		{D37976A0-9EB9-3F74-BCF6-9E3FFBF83AFF}.Release|x64.ActiveCfg = Release|x64
		{D37976A0-9EB9-3F74-BCF6-9E3FFBF83AFF}.Release|x64.Build.0 = Release|x64
		{D37976A0-9EB9-3F74-BCF6-9E3FFBF83AFF}.Debug|x64.ActiveCfg = Debug|x64
		{D37976A0-9EB9-3F74-BCF6-9E3FFBF83AFF}.Debug|x64.Build.0 = Debug|x64
		{DD0B7BA2-9E5B-3738-A0E0-D5B3188A392E}.RelWithDebInfo|x64.ActiveCfg = RelWithDebInfo|x64
		{DD0B7BA2-9E5B-3738-A0E0-D5B3188A392E}.RelWithDebInfo|x64.Build.0 = RelWithDebInfo|x64
		{DD0B7BA2-9E5B-3738-A0E0-D5B3188A392E}.Release|x64.ActiveCfg = Release|x64
		{DD0B7BA2-9E5B-3738-A0E0-D5B3188A392E}.Release|x64.Build.0 = Release|x64
		{DD0B7BA2-9E5B-3738-A0E0-D5B3188A392E}.Debug|x64.ActiveCfg = Debug|x64
		{DD0B7BA2-9E5B-3738-A0E0-D5B3188A392E}.Debug|x64.Build.0 = Debug|x64
		{4BD6EA5F-5EB5-3D3C-A100-20719CE5E150}.RelWithDebInfo|x64.ActiveCfg = RelWithDebInfo|x64
		{4BD6EA5F-5EB5-3D3C-A100-20719CE5E150}.RelWithDebInfo|x64.Build.0 = RelWithDebInfo|x64
		{4BD6EA5F-5EB5-3D3C-A100-20719CE5E150}.Release|x64.ActiveCfg = Release|x64
		{4BD6EA5F-5EB5-3D3C-A100-20719CE5E150}.Release|x64.Build.0 = Release|x64
		{4BD6EA5F-5EB5-3D3C-A100-20719CE5E150}.Debug|x64.ActiveCfg = Debug|x64
		{4BD6EA5F-5EB5-3D3C-A100-20719CE5E150}.Debug|x64.Build.0 = Debug|x64
		{07CC4ADC-0A81-3E44-B975-A04E6FAEFEA0}.RelWithDebInfo|x64.ActiveCfg = RelWithDebInfo|x64
		{07CC4ADC-0A81-3E44-B975-A04E6FAEFEA0}.RelWithDebInfo|x64.Build.0 = RelWithDebInfo|x64
		{07CC4ADC-0A81-3E44-B975-A04E6FAEFEA0}.Release|x64.ActiveCfg = Release|x64
		{07CC4ADC-0A81-3E44-B975-A04E6FAEFEA0}.Release|x64.Build.0 = Release|x64
		{07CC4ADC-0A81-3E44-B975-A04E6FAEFEA0}.Debug|x64.ActiveCfg = Debug|x64
		{07CC4ADC-0A81-3E44-B975-A04E6FAEFEA0}.Debug|x64.Build.0 = Debug|x64
		{26C2B8E7-792F-339A-8AB3-AF27F6A55A3F}.RelWithDebInfo|x64.ActiveCfg = RelWithDebInfo|x64
		{26C2B8E7-792F-339A-8AB3-AF27F6A55A3F}.RelWithDebInfo|x64.Build.0 = RelWithDebInfo|x64
		{26C2B8E7-792F-339A-8AB3-AF27F6A55A3F}.Release|x64.ActiveCfg = Release|x64
		{26C2B8E7-792F-339A-8AB3-AF27F6A55A3F}.Release|x64.Build.0 = Release|x64
		{26C2B8E7-792F-339A-8AB3-AF27F6A55A3F}.Debug|x64.ActiveCfg = Debug|x64
		{26C2B8E7-792F-339A-8AB3-AF27F6A55A3F}.Debug|x64.Build.0 = Debug|x64
		{04FC8A71-75C5-3089-95FE-116718B28E01}.RelWithDebInfo|x64.ActiveCfg = RelWithDebInfo|x64
		{04FC8A71-75C5-3089-95FE-116718B28E01}.RelWithDebInfo|x64.Build.0 = RelWithDebInfo|x64
		{04FC8A71-75C5-3089-95FE-116718B28E01}.Release|x64.ActiveCfg = Release|x64
		{04FC8A71-75C5-3089-95FE-116718B28E01}.Release|x64.Build.0 = Release|x64
		{04FC8A71-75C5-3089-95FE-116718B28E01}.Debug|x64.ActiveCfg = Debug|x64
		{04FC8A71-75C5-3089-95FE-116718B28E01}.Debug|x64.Build.0 = Debug|x64
		{09A94BCF-24A3-39D8-9A66-1D256F0E72F1}.RelWithDebInfo|x64.ActiveCfg = RelWithDebInfo|x64
		{09A94BCF-24A3-39D8-9A66-1D256F0E72F1}.RelWithDebInfo|x64.Build.0 = RelWithDebInfo|x64
		{09A94BCF-24A3-39D8-9A66-1D256F0E72F1}.Release|x64.ActiveCfg = Release|x64
		{09A94BCF-24A3-39D8-9A66-1D256F0E72F1}.Release|x64.Build.0 = Release|x64
		{09A94BCF-24A3-39D8-9A66-1D256F0E72F1}.Debug|x64.ActiveCfg = Debug|x64
		{09A94BCF-24A3-39D8-9A66-1D256F0E72F1}.Debug|x64.Build.0 = Debug|x64
		{BCA49191-83DB-3939-8D4D-9DAAAB3FD6FC}.RelWithDebInfo|x64.ActiveCfg = RelWithDebInfo|x64
		{BCA49191-83DB-3939-8D4D-9DAAAB3FD6FC}.RelWithDebInfo|x64.Build.0 = RelWithDebInfo|x64
		{BCA49191-83DB-3939-8D4D-9DAAAB3FD6FC}.Release|x64.ActiveCfg = Release|x64
		{BCA49191-83DB-3939-8D4D-9DAAAB3FD6FC}.Release|x64.Build.0 = Release|x64
		{BCA49191-83DB-3939-8D4D-9DAAAB3FD6FC}.Debug|x64.ActiveCfg = Debug|x64
		{BCA49191-83DB-3939-8D4D-9DAAAB3FD6FC}.Debug|x64.Build.0 = Debug|x64
		{033AA953-3F3D-353B-A80D-C498370A0E37}.RelWithDebInfo|x64.ActiveCfg = RelWithDebInfo|x64
		{033AA953-3F3D-353B-A80D-C498370A0E37}.RelWithDebInfo|x64.Build.0 = RelWithDebInfo|x64
		{033AA953-3F3D-353B-A80D-C498370A0E37}.Release|x64.ActiveCfg = Release|x64
		{033AA953-3F3D-353B-A80D-C498370A0E37}.Release|x64.Build.0 = Release|x64
		{033AA953-3F3D-353B-A80D-C498370A0E37}.Debug|x64.ActiveCfg = Debug|x64
		{033AA953-3F3D-353B-A80D-C498370A0E37}.Debug|x64.Build.0 = Debug|x64
		{226C518B-3EA9-3F81-BB0C-C99E0A38CE70}.RelWithDebInfo|x64.ActiveCfg = RelWithDebInfo|x64
		{226C518B-3EA9-3F81-BB0C-C99E0A38CE70}.RelWithDebInfo|x64.Build.0 = RelWithDebInfo|x64
		{226C518B-3EA9-3F81-BB0C-C99E0A38CE70}.Release|x64.ActiveCfg = Release|x64
		{226C518B-3EA9-3F81-BB0C-C99E0A38CE70}.Release|x64.Build.0 = Release|x64
		{226C518B-3EA9-3F81-BB0C-C99E0A38CE70}.Debug|x64.ActiveCfg = Debug|x64
		{226C518B-3EA9-3F81-BB0C-C99E0A38CE70}.Debug|x64.Build.0 = Debug|x64
		{D9D6A233-F789-370B-887C-8B1F6C473903}.RelWithDebInfo|x64.ActiveCfg = RelWithDebInfo|x64
		{D9D6A233-F789-370B-887C-8B1F6C473903}.RelWithDebInfo|x64.Build.0 = RelWithDebInfo|x64
		{D9D6A233-F789-370B-887C-8B1F6C473903}.Release|x64.ActiveCfg = Release|x64
		{D9D6A233-F789-370B-887C-8B1F6C473903}.Release|x64.Build.0 = Release|x64
		{D9D6A233-F789-370B-887C-8B1F6C473903}.Debug|x64.ActiveCfg = Debug|x64
		{D9D6A233-F789-370B-887C-8B1F6C473903}.Debug|x64.Build.0 = Debug|x64
		{B9FA0C3A-ADC5-3893-8F8A-FAB1134EFC09}.RelWithDebInfo|x64.ActiveCfg = RelWithDebInfo|x64
		{B9FA0C3A-ADC5-3893-8F8A-FAB1134EFC09}.RelWithDebInfo|x64.Build.0 = RelWithDebInfo|x64
		{B9FA0C3A-ADC5-3893-8F8A-FAB1134EFC09}.Release|x64.ActiveCfg = Release|x64
		{B9FA0C3A-ADC5-3893-8F8A-FAB1134EFC09}.Release|x64.Build.0 = Release|x64
		{B9FA0C3A-ADC5-3893-8F8A-FAB1134EFC09}.Debug|x64.ActiveCfg = Debug|x64
		{B9FA0C3A-ADC5-3893-8F8A-FAB1134EFC09}.Debug|x64.Build.0 = Debug|x64
		{7B8AF96D-C209-3527-91FD-385E6D92628C}.RelWithDebInfo|x64.ActiveCfg = RelWithDebInfo|x64
		{7B8AF96D-C209-3527-91FD-385E6D92628C}.RelWithDebInfo|x64.Build.0 = RelWithDebInfo|x64
		{7B8AF96D-C209-3527-91FD-385E6D92628C}.Release|x64.ActiveCfg = Release|x64
		{7B8AF96D-C209-3527-91FD-385E6D92628C}.Release|x64.Build.0 = Release|x64
		{7B8AF96D-C209-3527-91FD-385E6D92628C}.Debug|x64.ActiveCfg = Debug|x64
		{7B8AF96D-C209-3527-91FD-385E6D92628C}.Debug|x64.Build.0 = Debug|x64
		{63C81B3E-385A-308E-A744-580141946CE7}.RelWithDebInfo|x64.ActiveCfg = RelWithDebInfo|x64
		{63C81B3E-385A-308E-A744-580141946CE7}.RelWithDebInfo|x64.Build.0 = RelWithDebInfo|x64
		{63C81B3E-385A-308E-A744-580141946CE7}.Release|x64.ActiveCfg = Release|x64
		{63C81B3E-385A-308E-A744-580141946CE7}.Release|x64.Build.0 = Release|x64
		{63C81B3E-385A-308E-A744-580141946CE7}.Debug|x64.ActiveCfg = Debug|x64
		{63C81B3E-385A-308E-A744-580141946CE7}.Debug|x64.Build.0 = Debug|x64
		{C37BE5CF-0C7C-3AFC-A9AD-DA549E962FE2}.RelWithDebInfo|x64.ActiveCfg = RelWithDebInfo|x64
		{C37BE5CF-0C7C-3AFC-A9AD-DA549E962FE2}.RelWithDebInfo|x64.Build.0 = RelWithDebInfo|x64
		{C37BE5CF-0C7C-3AFC-A9AD-DA549E962FE2}.Release|x64.ActiveCfg = Release|x64
		{C37BE5CF-0C7C-3AFC-A9AD-DA549E962FE2}.Release|x64.Build.0 = Release|x64
		{C37BE5CF-0C7C-3AFC-A9AD-DA549E962FE2}.Debug|x64.ActiveCfg = Debug|x64
		{C37BE5CF-0C7C-3AFC-A9AD-DA549E962FE2}.Debug|x64.Build.0 = Debug|x64
		{4E3E172B-2A3A-3266-87E5-544F6D8B78B7}.RelWithDebInfo|x64.ActiveCfg = RelWithDebInfo|x64
		{4E3E172B-2A3A-3266-87E5-544F6D8B78B7}.RelWithDebInfo|x64.Build.0 = RelWithDebInfo|x64
		{4E3E172B-2A3A-3266-87E5-544F6D8B78B7}.Release|x64.ActiveCfg = Release|x64
		{4E3E172B-2A3A-3266-87E5-544F6D8B78B7}.Release|x64.Build.0 = Release|x64
		{4E3E172B-2A3A-3266-87E5-544F6D8B78B7}.Debug|x64.ActiveCfg = Debug|x64
		{4E3E172B-2A3A-3266-87E5-544F6D8B78B7}.Debug|x64.Build.0 = Debug|x64
		{9A7918A1-B205-3335-9BB1-EF5A8994401A}.RelWithDebInfo|x64.ActiveCfg = RelWithDebInfo|x64
		{9A7918A1-B205-3335-9BB1-EF5A8994401A}.RelWithDebInfo|x64.Build.0 = RelWithDebInfo|x64
		{9A7918A1-B205-3335-9BB1-EF5A8994401A}.Release|x64.ActiveCfg = Release|x64
		{9A7918A1-B205-3335-9BB1-EF5A8994401A}.Release|x64.Build.0 = Release|x64
		{9A7918A1-B205-3335-9BB1-EF5A8994401A}.Debug|x64.ActiveCfg = Debug|x64
		{9A7918A1-B205-3335-9BB1-EF5A8994401A}.Debug|x64.Build.0 = Debug|x64
		{4EACFF6E-781B-3F62-AEE0-DFF598E13B7F}.RelWithDebInfo|x64.ActiveCfg = RelWithDebInfo|x64
		{4EACFF6E-781B-3F62-AEE0-DFF598E13B7F}.Release|x64.ActiveCfg = Release|x64
		{4EACFF6E-781B-3F62-AEE0-DFF598E13B7F}.Debug|x64.ActiveCfg = Debug|x64
	EndGlobalSection
	GlobalSection(ExtensibilityGlobals) = postSolution
	EndGlobalSection
	GlobalSection(ExtensibilityAddIns) = postSolution
	EndGlobalSection
EndGlobal
